# This file is automatically @generated by Cargo.
# It is not intended for manual editing.
version = 3

[[package]]
name = "kotori-client"
version = "0.0.0"

[[package]]
name = "kotori-composer"
version = "0.0.0"

[[package]]
name = "kotori-config"
version = "0.0.0"

[[package]]
name = "kotori-core"
version = "0.0.0"

[[package]]
name = "kotori-dict"
version = "0.0.0"

[[package]]
name = "kotori-dictc"
version = "0.0.0"

[[package]]
name = "kotori-eval"
version = "0.0.0"

[[package]]
name = "kotori-imebench"
version = "0.0.0"

[[package]]
name = "kotori-lattice"
version = "0.0.0"

[[package]]
name = "kotori-learn"
version = "0.0.0"

[[package]]
name = "kotori-lm"
version = "0.0.0"

[[package]]
name = "kotori-predict"
version = "0.0.0"

[[package]]
name = "kotori-proto"
version = "0.0.0"

[[package]]
name = "kotori-renderer"
version = "0.0.0"

[[package]]
name = "kotori-server"
version = "0.0.0"

[[package]]
name = "kotori-session"
version = "0.0.0"
